
Microsoft Visual Studio Solution File, Format Version 12.00
# Visual Studio Version 16
VisualStudioVersion = 16.0.32228.343
MinimumVisualStudioVersion = 10.0.40219.1
Project("{FAE04EC0-301F-11D3-BF4B-00C04F79EFBC}") = "Venam2", "Venam2\Venam2.csproj", "{13D919C2-0A28-4CF0-8485-41A531E5E17A}"
EndProject
Global
	GlobalSection(SolutionConfigurationPlatforms) = preSolution
		Debug|Any CPU = Debug|Any CPU
		Release|Any CPU = Release|Any CPU
	EndGlobalSection
	GlobalSection(ProjectConfigurationPlatforms) = postSolution
		{13D919C2-0A28-4CF0-8485-41A531E5E17A}.Debug|Any CPU.ActiveCfg = Debug|Any CPU
		{13D919C2-0A28-4CF0-8485-41A531E5E17A}.Debug|Any CPU.Build.0 = Debug|Any CPU
		{13D919C2-0A28-4CF0-8485-41A531E5E17A}.Release|Any CPU.ActiveCfg = Release|Any CPU
		{13D919C2-0A28-4CF0-8485-41A531E5E17A}.Release|Any CPU.Build.0 = Release|Any CPU
	EndGlobalSection
	GlobalSection(SolutionProperties) = preSolution
		HideSolutionNode = FALSE
	EndGlobalSection
	GlobalSection(ExtensibilityGlobals) = postSolution
		SolutionGuid = {5431EA99-D8EE-49B4-9AF9-632A2CE37743}
	EndGlobalSection
EndGlobal
